
Microsoft Visual Studio Solution File, Format Version 12.00
# Visual Studio Version 17
VisualStudioVersion = 17.4.33122.133
MinimumVisualStudioVersion = 10.0.40219.1
Project("{9A19103F-16F7-4668-BE54-9A1E7A4F7556}") = "Day01", "AdventOfCode2022\Day01.csproj", "{EBA2767C-E6BF-4B2E-BC06-4F86A714D44C}"
EndProject
Project("{9A19103F-16F7-4668-BE54-9A1E7A4F7556}") = "Day02", "Day2\Day02.csproj", "{37363353-74F1-4714-BD4D-D39D87C6423C}"
EndProject
Project("{9A19103F-16F7-4668-BE54-9A1E7A4F7556}") = "Day02b", "Day02b\Day02b.csproj", "{B84C8F4D-4107-4EED-A30D-24F75284CA15}"
EndProject
Project("{9A19103F-16F7-4668-BE54-9A1E7A4F7556}") = "Day03a", "Day03a\Day03a.csproj", "{82C2033F-96E8-40C8-BE03-249C2FAB11D3}"
EndProject
Project("{9A19103F-16F7-4668-BE54-9A1E7A4F7556}") = "Day03b", "Day03b\Day03b.csproj", "{9205D8CF-9FCA-4BDF-9BAC-686A643571B3}"
EndProject
Project("{9A19103F-16F7-4668-BE54-9A1E7A4F7556}") = "Day04", "Day04\Day04.csproj", "{FC93D40D-9FAD-4B08-A332-2589DD979B36}"
EndProject
Project("{9A19103F-16F7-4668-BE54-9A1E7A4F7556}") = "Day05a", "Day05a\Day05a.csproj", "{32159179-E332-41A8-A729-9BC53B5E647F}"
EndProject
Project("{9A19103F-16F7-4668-BE54-9A1E7A4F7556}") = "Day05b", "Day05b\Day05b.csproj", "{1E3BCD89-2022-4133-BE28-8A2C9B1F9C72}"
EndProject
Project("{9A19103F-16F7-4668-BE54-9A1E7A4F7556}") = "Day06a", "Day06a\Day06a.csproj", "{576105FB-BEE0-40D9-855A-57D4D796828C}"
EndProject
Project("{9A19103F-16F7-4668-BE54-9A1E7A4F7556}") = "Day07a", "Day07a\Day07a.csproj", "{4FC35254-F9BE-44D7-9823-487FE4B62A7E}"
EndProject
Project("{9A19103F-16F7-4668-BE54-9A1E7A4F7556}") = "Day08a", "Day08a\Day08a.csproj", "{C845C14A-DDA7-4DB8-8B5A-A7E9FC763152}"
EndProject
Project("{9A19103F-16F7-4668-BE54-9A1E7A4F7556}") = "Day09a", "Day09a\Day09a.csproj", "{FABB4479-CCEE-4553-AA52-19C58D4FBDB5}"
EndProject
Project("{9A19103F-16F7-4668-BE54-9A1E7A4F7556}") = "Day09b", "Day09b\Day09b.csproj", "{2D19AD2C-5B2A-4015-80B8-8047987AFD4A}"
EndProject
Project("{9A19103F-16F7-4668-BE54-9A1E7A4F7556}") = "Day10a", "Day10a\Day10a.csproj", "{35AA2464-EC0C-4BE3-A0BE-1253846F6E6B}"
EndProject
Project("{9A19103F-16F7-4668-BE54-9A1E7A4F7556}") = "Day10b", "Day10b\Day10b.csproj", "{F801B34E-671C-48BC-B83F-9541780E67C0}"
EndProject
Project("{FAE04EC0-301F-11D3-BF4B-00C04F79EFBC}") = "Day11a", "Day11a\Day11a.csproj", "{2923B0F9-857B-48A3-AA0B-AA1D2DDABC51}"
EndProject
Global
	GlobalSection(SolutionConfigurationPlatforms) = preSolution
		Debug|Any CPU = Debug|Any CPU
		Release|Any CPU = Release|Any CPU
	EndGlobalSection
	GlobalSection(ProjectConfigurationPlatforms) = postSolution
		{EBA2767C-E6BF-4B2E-BC06-4F86A714D44C}.Debug|Any CPU.ActiveCfg = Debug|Any CPU
		{EBA2767C-E6BF-4B2E-BC06-4F86A714D44C}.Debug|Any CPU.Build.0 = Debug|Any CPU
		{EBA2767C-E6BF-4B2E-BC06-4F86A714D44C}.Release|Any CPU.ActiveCfg = Release|Any CPU
		{EBA2767C-E6BF-4B2E-BC06-4F86A714D44C}.Release|Any CPU.Build.0 = Release|Any CPU
		{37363353-74F1-4714-BD4D-D39D87C6423C}.Debug|Any CPU.ActiveCfg = Debug|Any CPU
		{37363353-74F1-4714-BD4D-D39D87C6423C}.Debug|Any CPU.Build.0 = Debug|Any CPU
		{37363353-74F1-4714-BD4D-D39D87C6423C}.Release|Any CPU.ActiveCfg = Release|Any CPU
		{37363353-74F1-4714-BD4D-D39D87C6423C}.Release|Any CPU.Build.0 = Release|Any CPU
		{B84C8F4D-4107-4EED-A30D-24F75284CA15}.Debug|Any CPU.ActiveCfg = Debug|Any CPU
		{B84C8F4D-4107-4EED-A30D-24F75284CA15}.Debug|Any CPU.Build.0 = Debug|Any CPU
		{B84C8F4D-4107-4EED-A30D-24F75284CA15}.Release|Any CPU.ActiveCfg = Release|Any CPU
		{B84C8F4D-4107-4EED-A30D-24F75284CA15}.Release|Any CPU.Build.0 = Release|Any CPU
		{82C2033F-96E8-40C8-BE03-249C2FAB11D3}.Debug|Any CPU.ActiveCfg = Debug|Any CPU
		{82C2033F-96E8-40C8-BE03-249C2FAB11D3}.Debug|Any CPU.Build.0 = Debug|Any CPU
		{82C2033F-96E8-40C8-BE03-249C2FAB11D3}.Release|Any CPU.ActiveCfg = Release|Any CPU
		{82C2033F-96E8-40C8-BE03-249C2FAB11D3}.Release|Any CPU.Build.0 = Release|Any CPU
		{9205D8CF-9FCA-4BDF-9BAC-686A643571B3}.Debug|Any CPU.ActiveCfg = Debug|Any CPU
		{9205D8CF-9FCA-4BDF-9BAC-686A643571B3}.Debug|Any CPU.Build.0 = Debug|Any CPU
		{9205D8CF-9FCA-4BDF-9BAC-686A643571B3}.Release|Any CPU.ActiveCfg = Release|Any CPU
		{9205D8CF-9FCA-4BDF-9BAC-686A643571B3}.Release|Any CPU.Build.0 = Release|Any CPU
		{FC93D40D-9FAD-4B08-A332-2589DD979B36}.Debug|Any CPU.ActiveCfg = Debug|Any CPU
		{FC93D40D-9FAD-4B08-A332-2589DD979B36}.Debug|Any CPU.Build.0 = Debug|Any CPU
		{FC93D40D-9FAD-4B08-A332-2589DD979B36}.Release|Any CPU.ActiveCfg = Release|Any CPU
		{FC93D40D-9FAD-4B08-A332-2589DD979B36}.Release|Any CPU.Build.0 = Release|Any CPU
		{32159179-E332-41A8-A729-9BC53B5E647F}.Debug|Any CPU.ActiveCfg = Debug|Any CPU
		{32159179-E332-41A8-A729-9BC53B5E647F}.Debug|Any CPU.Build.0 = Debug|Any CPU
		{32159179-E332-41A8-A729-9BC53B5E647F}.Release|Any CPU.ActiveCfg = Release|Any CPU
		{32159179-E332-41A8-A729-9BC53B5E647F}.Release|Any CPU.Build.0 = Release|Any CPU
		{1E3BCD89-2022-4133-BE28-8A2C9B1F9C72}.Debug|Any CPU.ActiveCfg = Debug|Any CPU
		{1E3BCD89-2022-4133-BE28-8A2C9B1F9C72}.Debug|Any CPU.Build.0 = Debug|Any CPU
		{1E3BCD89-2022-4133-BE28-8A2C9B1F9C72}.Release|Any CPU.ActiveCfg = Release|Any CPU
		{1E3BCD89-2022-4133-BE28-8A2C9B1F9C72}.Release|Any CPU.Build.0 = Release|Any CPU
		{576105FB-BEE0-40D9-855A-57D4D796828C}.Debug|Any CPU.ActiveCfg = Debug|Any CPU
		{576105FB-BEE0-40D9-855A-57D4D796828C}.Debug|Any CPU.Build.0 = Debug|Any CPU
		{576105FB-BEE0-40D9-855A-57D4D796828C}.Release|Any CPU.ActiveCfg = Release|Any CPU
		{576105FB-BEE0-40D9-855A-57D4D796828C}.Release|Any CPU.Build.0 = Release|Any CPU
		{4FC35254-F9BE-44D7-9823-487FE4B62A7E}.Debug|Any CPU.ActiveCfg = Debug|Any CPU
		{4FC35254-F9BE-44D7-9823-487FE4B62A7E}.Debug|Any CPU.Build.0 = Debug|Any CPU
		{4FC35254-F9BE-44D7-9823-487FE4B62A7E}.Release|Any CPU.ActiveCfg = Release|Any CPU
		{4FC35254-F9BE-44D7-9823-487FE4B62A7E}.Release|Any CPU.Build.0 = Release|Any CPU
		{C845C14A-DDA7-4DB8-8B5A-A7E9FC763152}.Debug|Any CPU.ActiveCfg = Debug|Any CPU
		{C845C14A-DDA7-4DB8-8B5A-A7E9FC763152}.Debug|Any CPU.Build.0 = Debug|Any CPU
		{C845C14A-DDA7-4DB8-8B5A-A7E9FC763152}.Release|Any CPU.ActiveCfg = Release|Any CPU
		{C845C14A-DDA7-4DB8-8B5A-A7E9FC763152}.Release|Any CPU.Build.0 = Release|Any CPU
		{FABB4479-CCEE-4553-AA52-19C58D4FBDB5}.Debug|Any CPU.ActiveCfg = Debug|Any CPU
		{FABB4479-CCEE-4553-AA52-19C58D4FBDB5}.Debug|Any CPU.Build.0 = Debug|Any CPU
		{FABB4479-CCEE-4553-AA52-19C58D4FBDB5}.Release|Any CPU.ActiveCfg = Release|Any CPU
		{FABB4479-CCEE-4553-AA52-19C58D4FBDB5}.Release|Any CPU.Build.0 = Release|Any CPU
		{2D19AD2C-5B2A-4015-80B8-8047987AFD4A}.Debug|Any CPU.ActiveCfg = Debug|Any CPU
		{2D19AD2C-5B2A-4015-80B8-8047987AFD4A}.Debug|Any CPU.Build.0 = Debug|Any CPU
		{2D19AD2C-5B2A-4015-80B8-8047987AFD4A}.Release|Any CPU.ActiveCfg = Release|Any CPU
		{2D19AD2C-5B2A-4015-80B8-8047987AFD4A}.Release|Any CPU.Build.0 = Release|Any CPU
		{35AA2464-EC0C-4BE3-A0BE-1253846F6E6B}.Debug|Any CPU.ActiveCfg = Debug|Any CPU
		{35AA2464-EC0C-4BE3-A0BE-1253846F6E6B}.Debug|Any CPU.Build.0 = Debug|Any CPU
		{35AA2464-EC0C-4BE3-A0BE-1253846F6E6B}.Release|Any CPU.ActiveCfg = Release|Any CPU
		{35AA2464-EC0C-4BE3-A0BE-1253846F6E6B}.Release|Any CPU.Build.0 = Release|Any CPU
		{F801B34E-671C-48BC-B83F-9541780E67C0}.Debug|Any CPU.ActiveCfg = Debug|Any CPU
		{F801B34E-671C-48BC-B83F-9541780E67C0}.Debug|Any CPU.Build.0 = Debug|Any CPU
		{F801B34E-671C-48BC-B83F-9541780E67C0}.Release|Any CPU.ActiveCfg = Release|Any CPU
		{F801B34E-671C-48BC-B83F-9541780E67C0}.Release|Any CPU.Build.0 = Release|Any CPU
		{2923B0F9-857B-48A3-AA0B-AA1D2DDABC51}.Debug|Any CPU.ActiveCfg = Debug|Any CPU
		{2923B0F9-857B-48A3-AA0B-AA1D2DDABC51}.Debug|Any CPU.Build.0 = Debug|Any CPU
		{2923B0F9-857B-48A3-AA0B-AA1D2DDABC51}.Release|Any CPU.ActiveCfg = Release|Any CPU
		{2923B0F9-857B-48A3-AA0B-AA1D2DDABC51}.Release|Any CPU.Build.0 = Release|Any CPU
	EndGlobalSection
	GlobalSection(SolutionProperties) = preSolution
		HideSolutionNode = FALSE
	EndGlobalSection
	GlobalSection(ExtensibilityGlobals) = postSolution
		SolutionGuid = {D80BD347-E6E8-4E96-BE47-E70C4F829C51}
	EndGlobalSection
EndGlobal
